// !$*UTF8*$!
{
	archiveVersion = 1;
	classes = {
	};
	objectVersion = 46;
	objects = {

/* Begin PBXBuildFile section */
		1522EE8F1AEF2E070076C15B /* main.m in Sources */ = {isa = PBXBuildFile; fileRef = 1522EE8E1AEF2E070076C15B /* main.m */; };
		1522EE921AEF2E070076C15B /* AppDelegate.m in Sources */ = {isa = PBXBuildFile; fileRef = 1522EE911AEF2E070076C15B /* AppDelegate.m */; };
		1522EE951AEF2E070076C15B /* gitTest.xcdatamodeld in Sources */ = {isa = PBXBuildFile; fileRef = 1522EE931AEF2E070076C15B /* gitTest.xcdatamodeld */; };
		1522EE981AEF2E070076C15B /* MasterViewController.m in Sources */ = {isa = PBXBuildFile; fileRef = 1522EE971AEF2E070076C15B /* MasterViewController.m */; };
		1522EE9B1AEF2E070076C15B /* DetailViewController.m in Sources */ = {isa = PBXBuildFile; fileRef = 1522EE9A1AEF2E070076C15B /* DetailViewController.m */; };
		1522EE9E1AEF2E070076C15B /* Main.storyboard in Resources */ = {isa = PBXBuildFile; fileRef = 1522EE9C1AEF2E070076C15B /* Main.storyboard */; };
		1522EEA01AEF2E070076C15B /* Images.xcassets in Resources */ = {isa = PBXBuildFile; fileRef = 1522EE9F1AEF2E070076C15B /* Images.xcassets */; };
		1522EEA31AEF2E070076C15B /* LaunchScreen.xib in Resources */ = {isa = PBXBuildFile; fileRef = 1522EEA11AEF2E070076C15B /* LaunchScreen.xib */; };
		1522EEAF1AEF2E070076C15B /* gitTestTests.m in Sources */ = {isa = PBXBuildFile; fileRef = 1522EEAE1AEF2E070076C15B /* gitTestTests.m */; };
/* End PBXBuildFile section */

/* Begin PBXContainerItemProxy section */
		1522EEA91AEF2E070076C15B /* PBXContainerItemProxy */ = {
			isa = PBXContainerItemProxy;
			containerPortal = 1522EE811AEF2E070076C15B /* Project object */;
			proxyType = 1;
			remoteGlobalIDString = 1522EE881AEF2E070076C15B;
			remoteInfo = gitTest;
		};
/* End PBXContainerItemProxy section */

/* Begin PBXFileReference section */
		1522EE891AEF2E070076C15B /* gitTest.app */ = {isa = PBXFileReference; explicitFileType = wrapper.application; includeInIndex = 0; path = gitTest.app; sourceTree = BUILT_PRODUCTS_DIR; };
		1522EE8D1AEF2E070076C15B /* Info.plist */ = {isa = PBXFileReference; lastKnownFileType = text.plist.xml; path = Info.plist; sourceTree = "<group>"; };
		1522EE8E1AEF2E070076C15B /* main.m */ = {isa = PBXFileReference; lastKnownFileType = sourcecode.c.objc; path = main.m; sourceTree = "<group>"; };
		1522EE901AEF2E070076C15B /* AppDelegate.h */ = {isa = PBXFileReference; lastKnownFileType = sourcecode.c.h; path = AppDelegate.h; sourceTree = "<group>"; };
		1522EE911AEF2E070076C15B /* AppDelegate.m */ = {isa = PBXFileReference; lastKnownFileType = sourcecode.c.objc; path = AppDelegate.m; sourceTree = "<group>"; };
		1522EE941AEF2E070076C15B /* gitTest.xcdatamodel */ = {isa = PBXFileReference; lastKnownFileType = wrapper.xcdatamodel; path = gitTest.xcdatamodel; sourceTree = "<group>"; };
		1522EE961AEF2E070076C15B /* MasterViewController.h */ = {isa = PBXFileReference; lastKnownFileType = sourcecode.c.h; path = MasterViewController.h; sourceTree = "<group>"; };
		1522EE971AEF2E070076C15B /* MasterViewController.m */ = {isa = PBXFileReference; lastKnownFileType = sourcecode.c.objc; path = MasterViewController.m; sourceTree = "<group>"; };
		1522EE991AEF2E070076C15B /* DetailViewController.h */ = {isa = PBXFileReference; lastKnownFileType = sourcecode.c.h; path = DetailViewController.h; sourceTree = "<group>"; };
		1522EE9A1AEF2E070076C15B /* DetailViewController.m */ = {isa = PBXFileReference; lastKnownFileType = sourcecode.c.objc; path = DetailViewController.m; sourceTree = "<group>"; };
		1522EE9D1AEF2E070076C15B /* Base */ = {isa = PBXFileReference; lastKnownFileType = file.storyboard; name = Base; path = Base.lproj/Main.storyboard; sourceTree = "<group>"; };
		1522EE9F1AEF2E070076C15B /* Images.xcassets */ = {isa = PBXFileReference; lastKnownFileType = folder.assetcatalog; path = Images.xcassets; sourceTree = "<group>"; };
		1522EEA21AEF2E070076C15B /* Base */ = {isa = PBXFileReference; lastKnownFileType = file.xib; name = Base; path = Base.lproj/LaunchScreen.xib; sourceTree = "<group>"; };
		1522EEA81AEF2E070076C15B /* gitTestTests.xctest */ = {isa = PBXFileReference; explicitFileType = wrapper.cfbundle; includeInIndex = 0; path = gitTestTests.xctest; sourceTree = BUILT_PRODUCTS_DIR; };
		1522EEAD1AEF2E070076C15B /* Info.plist */ = {isa = PBXFileReference; lastKnownFileType = text.plist.xml; path = Info.plist; sourceTree = "<group>"; };
		1522EEAE1AEF2E070076C15B /* gitTestTests.m */ = {isa = PBXFileReference; lastKnownFileType = sourcecode.c.objc; path = gitTestTests.m; sourceTree = "<group>"; };
/* End PBXFileReference section */

/* Begin PBXFrameworksBuildPhase section */
		1522EE861AEF2E070076C15B /* Frameworks */ = {
			isa = PBXFrameworksBuildPhase;
			buildActionMask = 2147483647;
			files = (
			);
			runOnlyForDeploymentPostprocessing = 0;
		};
		1522EEA51AEF2E070076C15B /* Frameworks */ = {
			isa = PBXFrameworksBuildPhase;
			buildActionMask = 2147483647;
			files = (
			);
			runOnlyForDeploymentPostprocessing = 0;
		};
/* End PBXFrameworksBuildPhase section */

/* Begin PBXGroup section */
		1522EE801AEF2E070076C15B = {
			isa = PBXGroup;
			children = (
				1522EE8B1AEF2E070076C15B /* gitTest */,
				1522EEAB1AEF2E070076C15B /* gitTestTests */,
				1522EE8A1AEF2E070076C15B /* Products */,
			);
			sourceTree = "<group>";
		};
		1522EE8A1AEF2E070076C15B /* Products */ = {
			isa = PBXGroup;
			children = (
				1522EE891AEF2E070076C15B /* gitTest.app */,
				1522EEA81AEF2E070076C15B /* gitTestTests.xctest */,
			);
			name = Products;
			sourceTree = "<group>";
		};
		1522EE8B1AEF2E070076C15B /* gitTest */ = {
			isa = PBXGroup;
			children = (
				1522EE901AEF2E070076C15B /* AppDelegate.h */,
				1522EE911AEF2E070076C15B /* AppDelegate.m */,
				1522EE961AEF2E070076C15B /* MasterViewController.h */,
				1522EE971AEF2E070076C15B /* MasterViewController.m */,
				1522EE991AEF2E070076C15B /* DetailViewController.h */,
				1522EE9A1AEF2E070076C15B /* DetailViewController.m */,
				1522EE9C1AEF2E070076C15B /* Main.storyboard */,
				1522EE9F1AEF2E070076C15B /* Images.xcassets */,
				1522EEA11AEF2E070076C15B /* LaunchScreen.xib */,
				1522EE931AEF2E070076C15B /* gitTest.xcdatamodeld */,
				1522EE8C1AEF2E070076C15B /* Supporting Files */,
			);
			path = gitTest;
			sourceTree = "<group>";
		};
		1522EE8C1AEF2E070076C15B /* Supporting Files */ = {
			isa = PBXGroup;
			children = (
				1522EE8D1AEF2E070076C15B /* Info.plist */,
				1522EE8E1AEF2E070076C15B /* main.m */,
			);
			name = "Supporting Files";
			sourceTree = "<group>";
		};
		1522EEAB1AEF2E070076C15B /* gitTestTests */ = {
			isa = PBXGroup;
			children = (
				1522EEAE1AEF2E070076C15B /* gitTestTests.m */,
				1522EEAC1AEF2E070076C15B /* Supporting Files */,
			);
			path = gitTestTests;
			sourceTree = "<group>";
		};
		1522EEAC1AEF2E070076C15B /* Supporting Files */ = {
			isa = PBXGroup;
			children = (
				1522EEAD1AEF2E070076C15B /* Info.plist */,
			);
			name = "Supporting Files";
			sourceTree = "<group>";
		};
/* End PBXGroup section */

/* Begin PBXNativeTarget section */
		1522EE881AEF2E070076C15B /* gitTest */ = {
			isa = PBXNativeTarget;
			buildConfigurationList = 1522EEB21AEF2E070076C15B /* Build configuration list for PBXNativeTarget "gitTest" */;
			buildPhases = (
				1522EE851AEF2E070076C15B /* Sources */,
				1522EE861AEF2E070076C15B /* Frameworks */,
				1522EE871AEF2E070076C15B /* Resources */,
			);
			buildRules = (
			);
			dependencies = (
			);
			name = gitTest;
			productName = gitTest;
			productReference = 1522EE891AEF2E070076C15B /* gitTest.app */;
			productType = "com.apple.product-type.application";
		};
		1522EEA71AEF2E070076C15B /* gitTestTests */ = {
			isa = PBXNativeTarget;
			buildConfigurationList = 1522EEB51AEF2E070076C15B /* Build configuration list for PBXNativeTarget "gitTestTests" */;
			buildPhases = (
				1522EEA41AEF2E070076C15B /* Sources */,
				1522EEA51AEF2E070076C15B /* Frameworks */,
				1522EEA61AEF2E070076C15B /* Resources */,
			);
			buildRules = (
			);
			dependencies = (
				1522EEAA1AEF2E070076C15B /* PBXTargetDependency */,
			);
			name = gitTestTests;
			productName = gitTestTests;
			productReference = 1522EEA81AEF2E070076C15B /* gitTestTests.xctest */;
			productType = "com.apple.product-type.bundle.unit-test";
		};
/* End PBXNativeTarget section */

/* Begin PBXProject section */
		1522EE811AEF2E070076C15B /* Project object */ = {
			isa = PBXProject;
			attributes = {
				LastUpgradeCheck = 0630;
				ORGANIZATIONNAME = JieY;
				TargetAttributes = {
					1522EE881AEF2E070076C15B = {
						CreatedOnToolsVersion = 6.3;
					};
					1522EEA71AEF2E070076C15B = {
						CreatedOnToolsVersion = 6.3;
						TestTargetID = 1522EE881AEF2E070076C15B;
					};
				};
			};
			buildConfigurationList = 1522EE841AEF2E070076C15B /* Build configuration list for PBXProject "gitTest" */;
			compatibilityVersion = "Xcode 3.2";
			developmentRegion = English;
			hasScannedForEncodings = 0;
			knownRegions = (
				en,
				Base,
			);
			mainGroup = 1522EE801AEF2E070076C15B;
			productRefGroup = 1522EE8A1AEF2E070076C15B /* Products */;
			projectDirPath = "";
			projectRoot = "";
			targets = (
				1522EE881AEF2E070076C15B /* gitTest */,
				1522EEA71AEF2E070076C15B /* gitTestTests */,
			);
		};
/* End PBXProject section */

/* Begin PBXResourcesBuildPhase section */
		1522EE871AEF2E070076C15B /* Resources */ = {
			isa = PBXResourcesBuildPhase;
			buildActionMask = 2147483647;
			files = (
				1522EE9E1AEF2E070076C15B /* Main.storyboard in Resources */,
				1522EEA31AEF2E070076C15B /* LaunchScreen.xib in Resources */,
				1522EEA01AEF2E070076C15B /* Images.xcassets in Resources */,
			);
			runOnlyForDeploymentPostprocessing = 0;
		};
		1522EEA61AEF2E070076C15B /* Resources */ = {
			isa = PBXResourcesBuildPhase;
			buildActionMask = 2147483647;
			files = (
			);
			runOnlyForDeploymentPostprocessing = 0;
		};
/* End PBXResourcesBuildPhase section */

/* Begin PBXSourcesBuildPhase section */
		1522EE851AEF2E070076C15B /* Sources */ = {
			isa = PBXSourcesBuildPhase;
			buildActionMask = 2147483647;
			files = (
				1522EE9B1AEF2E070076C15B /* DetailViewController.m in Sources */,
				1522EE981AEF2E070076C15B /* MasterViewController.m in Sources */,
				1522EE951AEF2E070076C15B /* gitTest.xcdatamodeld in Sources */,
				1522EE921AEF2E070076C15B /* AppDelegate.m in Sources */,
				1522EE8F1AEF2E070076C15B /* main.m in Sources */,
			);
			runOnlyForDeploymentPostprocessing = 0;
		};
		1522EEA41AEF2E070076C15B /* Sources */ = {
			isa = PBXSourcesBuildPhase;
			buildActionMask = 2147483647;
			files = (
				1522EEAF1AEF2E070076C15B /* gitTestTests.m in Sources */,
			);
			runOnlyForDeploymentPostprocessing = 0;
		};
/* End PBXSourcesBuildPhase section */

/* Begin PBXTargetDependency section */
		1522EEAA1AEF2E070076C15B /* PBXTargetDependency */ = {
			isa = PBXTargetDependency;
			target = 1522EE881AEF2E070076C15B /* gitTest */;
			targetProxy = 1522EEA91AEF2E070076C15B /* PBXContainerItemProxy */;
		};
/* End PBXTargetDependency section */

/* Begin PBXVariantGroup section */
		1522EE9C1AEF2E070076C15B /* Main.storyboard */ = {
			isa = PBXVariantGroup;
			children = (
				1522EE9D1AEF2E070076C15B /* Base */,
			);
			name = Main.storyboard;
			sourceTree = "<group>";
		};
		1522EEA11AEF2E070076C15B /* LaunchScreen.xib */ = {
			isa = PBXVariantGroup;
			children = (
				1522EEA21AEF2E070076C15B /* Base */,
			);
			name = LaunchScreen.xib;
			sourceTree = "<group>";
		};
/* End PBXVariantGroup section */

/* Begin XCBuildConfiguration section */
		1522EEB01AEF2E070076C15B /* Debug */ = {
			isa = XCBuildConfiguration;
			buildSettings = {
				ALWAYS_SEARCH_USER_PATHS = NO;
				CLANG_CXX_LANGUAGE_STANDARD = "gnu++0x";
				CLANG_CXX_LIBRARY = "libc++";
				CLANG_ENABLE_MODULES = YES;
				CLANG_ENABLE_OBJC_ARC = YES;
				CLANG_WARN_BOOL_CONVERSION = YES;
				CLANG_WARN_CONSTANT_CONVERSION = YES;
				CLANG_WARN_DIRECT_OBJC_ISA_USAGE = YES_ERROR;
				CLANG_WARN_EMPTY_BODY = YES;
				CLANG_WARN_ENUM_CONVERSION = YES;
				CLANG_WARN_INT_CONVERSION = YES;
				CLANG_WARN_OBJC_ROOT_CLASS = YES_ERROR;
				CLANG_WARN_UNREACHABLE_CODE = YES;
				CLANG_WARN__DUPLICATE_METHOD_MATCH = YES;
				"CODE_SIGN_IDENTITY[sdk=iphoneos*]" = "iPhone Developer";
				COPY_PHASE_STRIP = NO;
				DEBUG_INFORMATION_FORMAT = "dwarf-with-dsym";
				ENABLE_STRICT_OBJC_MSGSEND = YES;
				GCC_C_LANGUAGE_STANDARD = gnu99;
				GCC_DYNAMIC_NO_PIC = NO;
				GCC_NO_COMMON_BLOCKS = YES;
				GCC_OPTIMIZATION_LEVEL = 0;
				GCC_PREPROCESSOR_DEFINITIONS = (
					"DEBUG=1",
					"$(inherited)",
				);
				GCC_SYMBOLS_PRIVATE_EXTERN = NO;
				GCC_WARN_64_TO_32_BIT_CONVERSION = YES;
				GCC_WARN_ABOUT_RETURN_TYPE = YES_ERROR;
				GCC_WARN_UNDECLARED_SELECTOR = YES;
				GCC_WARN_UNINITIALIZED_AUTOS = YES_AGGRESSIVE;
				GCC_WARN_UNUSED_FUNCTION = YES;
				GCC_WARN_UNUSED_VARIABLE = YES;
				IPHONEOS_DEPLOYMENT_TARGET = 8.3;
				MTL_ENABLE_DEBUG_INFO = YES;
				ONLY_ACTIVE_ARCH = YES;
				SDKROOT = iphoneos;
				TARGETED_DEVICE_FAMILY = "1,2";
			};
			name = Debug;
		};
		1522EEB11AEF2E070076C15B /* Release */ = {
			isa = XCBuildConfiguration;
			buildSettings = {
				ALWAYS_SEARCH_USER_PATHS = NO;
				CLANG_CXX_LANGUAGE_STANDARD = "gnu++0x";
				CLANG_CXX_LIBRARY = "libc++";
				CLANG_ENABLE_MODULES = YES;
				CLANG_ENABLE_OBJC_ARC = YES;
				CLANG_WARN_BOOL_CONVERSION = YES;
				CLANG_WARN_CONSTANT_CONVERSION = YES;
				CLANG_WARN_DIRECT_OBJC_ISA_USAGE = YES_ERROR;
				CLANG_WARN_EMPTY_BODY = YES;
				CLANG_WARN_ENUM_CONVERSION = YES;
				CLANG_WARN_INT_CONVERSION = YES;
				CLANG_WARN_OBJC_ROOT_CLASS = YES_ERROR;
				CLANG_WARN_UNREACHABLE_CODE = YES;
				CLANG_WARN__DUPLICATE_METHOD_MATCH = YES;
				"CODE_SIGN_IDENTITY[sdk=iphoneos*]" = "iPhone Developer";
				COPY_PHASE_STRIP = NO;
				DEBUG_INFORMATION_FORMAT = "dwarf-with-dsym";
				ENABLE_NS_ASSERTIONS = NO;
				ENABLE_STRICT_OBJC_MSGSEND = YES;
				GCC_C_LANGUAGE_STANDARD = gnu99;
				GCC_NO_COMMON_BLOCKS = YES;
				GCC_WARN_64_TO_32_BIT_CONVERSION = YES;
				GCC_WARN_ABOUT_RETURN_TYPE = YES_ERROR;
				GCC_WARN_UNDECLARED_SELECTOR = YES;
				GCC_WARN_UNINITIALIZED_AUTOS = YES_AGGRESSIVE;
				GCC_WARN_UNUSED_FUNCTION = YES;
				GCC_WARN_UNUSED_VARIABLE = YES;
				IPHONEOS_DEPLOYMENT_TARGET = 8.3;
				MTL_ENABLE_DEBUG_INFO = NO;
				SDKROOT = iphoneos;
				TARGETED_DEVICE_FAMILY = "1,2";
				VALIDATE_PRODUCT = YES;
			};
			name = Release;
		};
		1522EEB31AEF2E070076C15B /* Debug */ = {
			isa = XCBuildConfiguration;
			buildSettings = {
				ASSETCATALOG_COMPILER_APPICON_NAME = AppIcon;
				INFOPLIST_FILE = gitTest/Info.plist;
				LD_RUNPATH_SEARCH_PATHS = "$(inherited) @executable_path/Frameworks";
				PRODUCT_NAME = "$(TARGET_NAME)";
			};
			name = Debug;
		};
		1522EEB41AEF2E070076C15B /* Release */ = {
			isa = XCBuildConfiguration;
			buildSettings = {
				ASSETCATALOG_COMPILER_APPICON_NAME = AppIcon;
				INFOPLIST_FILE = gitTest/Info.plist;
				LD_RUNPATH_SEARCH_PATHS = "$(inherited) @executable_path/Frameworks";
				PRODUCT_NAME = "$(TARGET_NAME)";
			};
			name = Release;
		};
		1522EEB61AEF2E070076C15B /* Debug */ = {
			isa = XCBuildConfiguration;
			buildSettings = {
				BUNDLE_LOADER = "$(TEST_HOST)";
				FRAMEWORK_SEARCH_PATHS = (
					"$(SDKROOT)/Developer/Library/Frameworks",
					"$(inherited)",
				);
				GCC_PREPROCESSOR_DEFINITIONS = (
					"DEBUG=1",
					"$(inherited)",
				);
				INFOPLIST_FILE = gitTestTests/Info.plist;
				LD_RUNPATH_SEARCH_PATHS = "$(inherited) @executable_path/Frameworks @loader_path/Frameworks";
				PRODUCT_NAME = "$(TARGET_NAME)";
				TEST_HOST = "$(BUILT_PRODUCTS_DIR)/gitTest.app/gitTest";
			};
			name = Debug;
		};
		1522EEB71AEF2E070076C15B /* Release */ = {
			isa = XCBuildConfiguration;
			buildSettings = {
				BUNDLE_LOADER = "$(TEST_HOST)";
				FRAMEWORK_SEARCH_PATHS = (
					"$(SDKROOT)/Developer/Library/Frameworks",
					"$(inherited)",
				);
				INFOPLIST_FILE = gitTestTests/Info.plist;
				LD_RUNPATH_SEARCH_PATHS = "$(inherited) @executable_path/Frameworks @loader_path/Frameworks";
				PRODUCT_NAME = "$(TARGET_NAME)";
				TEST_HOST = "$(BUILT_PRODUCTS_DIR)/gitTest.app/gitTest";
			};
			name = Release;
		};
/* End XCBuildConfiguration section */

/* Begin XCConfigurationList section */
		1522EE841AEF2E070076C15B /* Build configuration list for PBXProject "gitTest" */ = {
			isa = XCConfigurationList;
			buildConfigurations = (
				1522EEB01AEF2E070076C15B /* Debug */,
				1522EEB11AEF2E070076C15B /* Release */,
			);
			defaultConfigurationIsVisible = 0;
			defaultConfigurationName = Release;
		};
		1522EEB21AEF2E070076C15B /* Build configuration list for PBXNativeTarget "gitTest" */ = {
			isa = XCConfigurationList;
			buildConfigurations = (
				1522EEB31AEF2E070076C15B /* Debug */,
				1522EEB41AEF2E070076C15B /* Release */,
			);
			defaultConfigurationIsVisible = 0;
		};
		1522EEB51AEF2E070076C15B /* Build configuration list for PBXNativeTarget "gitTestTests" */ = {
			isa = XCConfigurationList;
			buildConfigurations = (
				1522EEB61AEF2E070076C15B /* Debug */,
				1522EEB71AEF2E070076C15B /* Release */,
			);
			defaultConfigurationIsVisible = 0;
		};
/* End XCConfigurationList section */

/* Begin XCVersionGroup section */
		1522EE931AEF2E070076C15B /* gitTest.xcdatamodeld */ = {
			isa = XCVersionGroup;
			children = (
				1522EE941AEF2E070076C15B /* gitTest.xcdatamodel */,
			);
			currentVersion = 1522EE941AEF2E070076C15B /* gitTest.xcdatamodel */;
			path = gitTest.xcdatamodeld;
			sourceTree = "<group>";
			versionGroupType = wrapper.xcdatamodel;
		};
/* End XCVersionGroup section */
	};
	rootObject = 1522EE811AEF2E070076C15B /* Project object */;
}
